// !$*UTF8*$!
{
	archiveVersion = 1;
	classes = {
	};
	objectVersion = 48;
	objects = {

/* Begin PBXBuildFile section */
		340F57881F2BF6E100E01A81 /* RoundButton.swift in Sources */ = {isa = PBXBuildFile; fileRef = 340F57871F2BF6E100E01A81 /* RoundButton.swift */; };
		340F578A1F2BFAAC00E01A81 /* RoundLabel.swift in Sources */ = {isa = PBXBuildFile; fileRef = 340F57891F2BFAAC00E01A81 /* RoundLabel.swift */; };
		345D56161F24297C00022611 /* AppDelegate.swift in Sources */ = {isa = PBXBuildFile; fileRef = 345D56151F24297C00022611 /* AppDelegate.swift */; };
		345D56181F24297C00022611 /* ViewController.swift in Sources */ = {isa = PBXBuildFile; fileRef = 345D56171F24297C00022611 /* ViewController.swift */; };
		345D561B1F24297C00022611 /* Main.storyboard in Resources */ = {isa = PBXBuildFile; fileRef = 345D56191F24297C00022611 /* Main.storyboard */; };
		345D561D1F24297C00022611 /* Assets.xcassets in Resources */ = {isa = PBXBuildFile; fileRef = 345D561C1F24297C00022611 /* Assets.xcassets */; };
		345D56201F24297C00022611 /* LaunchScreen.storyboard in Resources */ = {isa = PBXBuildFile; fileRef = 345D561E1F24297C00022611 /* LaunchScreen.storyboard */; };
		345D562A1F242ADD00022611 /* Default-568h@2x.png in Resources */ = {isa = PBXBuildFile; fileRef = 345D56291F242AD000022611 /* Default-568h@2x.png */; };
		345D562C1F243DCE00022611 /* CalculatorModel.swift in Sources */ = {isa = PBXBuildFile; fileRef = 345D562B1F243DCE00022611 /* CalculatorModel.swift */; };
/* End PBXBuildFile section */

/* Begin PBXFileReference section */
		340F57871F2BF6E100E01A81 /* RoundButton.swift */ = {isa = PBXFileReference; lastKnownFileType = sourcecode.swift; path = RoundButton.swift; sourceTree = "<group>"; };
		340F57891F2BFAAC00E01A81 /* RoundLabel.swift */ = {isa = PBXFileReference; lastKnownFileType = sourcecode.swift; path = RoundLabel.swift; sourceTree = "<group>"; };
		345D56121F24297C00022611 /* onePlusEquals.app */ = {isa = PBXFileReference; explicitFileType = wrapper.application; includeInIndex = 0; path = onePlusEquals.app; sourceTree = BUILT_PRODUCTS_DIR; };
		345D56151F24297C00022611 /* AppDelegate.swift */ = {isa = PBXFileReference; lastKnownFileType = sourcecode.swift; path = AppDelegate.swift; sourceTree = "<group>"; };
		345D56171F24297C00022611 /* ViewController.swift */ = {isa = PBXFileReference; lastKnownFileType = sourcecode.swift; path = ViewController.swift; sourceTree = "<group>"; };
		345D561A1F24297C00022611 /* Base */ = {isa = PBXFileReference; lastKnownFileType = file.storyboard; name = Base; path = Base.lproj/Main.storyboard; sourceTree = "<group>"; };
		345D561C1F24297C00022611 /* Assets.xcassets */ = {isa = PBXFileReference; lastKnownFileType = folder.assetcatalog; path = Assets.xcassets; sourceTree = "<group>"; };
		345D561F1F24297C00022611 /* Base */ = {isa = PBXFileReference; lastKnownFileType = file.storyboard; name = Base; path = Base.lproj/LaunchScreen.storyboard; sourceTree = "<group>"; };
		345D56211F24297C00022611 /* Info.plist */ = {isa = PBXFileReference; lastKnownFileType = text.plist; name = Info.plist; path = "Supporting Files/Info.plist"; sourceTree = "<group>"; };
		345D56291F242AD000022611 /* Default-568h@2x.png */ = {isa = PBXFileReference; lastKnownFileType = image.png; path = "Default-568h@2x.png"; sourceTree = "<group>"; };
		345D562B1F243DCE00022611 /* CalculatorModel.swift */ = {isa = PBXFileReference; lastKnownFileType = sourcecode.swift; path = CalculatorModel.swift; sourceTree = "<group>"; };
/* End PBXFileReference section */

/* Begin PBXFrameworksBuildPhase section */
		345D560F1F24297B00022611 /* Frameworks */ = {
			isa = PBXFrameworksBuildPhase;
			buildActionMask = 2147483647;
			files = (
			);
			runOnlyForDeploymentPostprocessing = 0;
		};
/* End PBXFrameworksBuildPhase section */

/* Begin PBXGroup section */
		345D56091F24297B00022611 = {
			isa = PBXGroup;
			children = (
				345D56291F242AD000022611 /* Default-568h@2x.png */,
				345D56141F24297C00022611 /* swiftCalculator */,
				345D56131F24297C00022611 /* Products */,
			);
			sourceTree = "<group>";
		};
		345D56131F24297C00022611 /* Products */ = {
			isa = PBXGroup;
			children = (
				345D56121F24297C00022611 /* onePlusEquals.app */,
			);
			name = Products;
			sourceTree = "<group>";
		};
		345D56141F24297C00022611 /* swiftCalculator */ = {
			isa = PBXGroup;
			children = (
				345D56171F24297C00022611 /* ViewController.swift */,
				345D562B1F243DCE00022611 /* CalculatorModel.swift */,
				345D56191F24297C00022611 /* Main.storyboard */,
				345D56211F24297C00022611 /* Info.plist */,
				345D56271F242A1300022611 /* Supporting Files */,
			);
			path = swiftCalculator;
			sourceTree = "<group>";
		};
		345D56271F242A1300022611 /* Supporting Files */ = {
			isa = PBXGroup;
			children = (
				340F57871F2BF6E100E01A81 /* RoundButton.swift */,
				345D56151F24297C00022611 /* AppDelegate.swift */,
				345D561C1F24297C00022611 /* Assets.xcassets */,
				345D561E1F24297C00022611 /* LaunchScreen.storyboard */,
				340F57891F2BFAAC00E01A81 /* RoundLabel.swift */,
			);
			path = "Supporting Files";
			sourceTree = "<group>";
		};
/* End PBXGroup section */

/* Begin PBXNativeTarget section */
		345D56111F24297B00022611 /* onePlusEquals */ = {
			isa = PBXNativeTarget;
			buildConfigurationList = 345D56241F24297C00022611 /* Build configuration list for PBXNativeTarget "onePlusEquals" */;
			buildPhases = (
				345D560E1F24297B00022611 /* Sources */,
				345D560F1F24297B00022611 /* Frameworks */,
				345D56101F24297B00022611 /* Resources */,
			);
			buildRules = (
			);
			dependencies = (
			);
			name = onePlusEquals;
			productName = swiftCalculator;
			productReference = 345D56121F24297C00022611 /* onePlusEquals.app */;
			productType = "com.apple.product-type.application";
		};
/* End PBXNativeTarget section */

/* Begin PBXProject section */
		345D560A1F24297B00022611 /* Project object */ = {
			isa = PBXProject;
			attributes = {
				LastSwiftUpdateCheck = 0900;
				LastUpgradeCheck = 0900;
				ORGANIZATIONNAME = Taylor;
				TargetAttributes = {
					345D56111F24297B00022611 = {
						CreatedOnToolsVersion = 9.0;
						ProvisioningStyle = Manual;
					};
				};
			};
			buildConfigurationList = 345D560D1F24297B00022611 /* Build configuration list for PBXProject "onePlusEquals" */;
			compatibilityVersion = "Xcode 8.0";
			developmentRegion = en;
			hasScannedForEncodings = 0;
			knownRegions = (
				en,
				Base,
			);
			mainGroup = 345D56091F24297B00022611;
			productRefGroup = 345D56131F24297C00022611 /* Products */;
			projectDirPath = "";
			projectRoot = "";
			targets = (
				345D56111F24297B00022611 /* onePlusEquals */,
			);
		};
/* End PBXProject section */

/* Begin PBXResourcesBuildPhase section */
		345D56101F24297B00022611 /* Resources */ = {
			isa = PBXResourcesBuildPhase;
			buildActionMask = 2147483647;
			files = (
				345D56201F24297C00022611 /* LaunchScreen.storyboard in Resources */,
				345D562A1F242ADD00022611 /* Default-568h@2x.png in Resources */,
				345D561D1F24297C00022611 /* Assets.xcassets in Resources */,
				345D561B1F24297C00022611 /* Main.storyboard in Resources */,
			);
			runOnlyForDeploymentPostprocessing = 0;
		};
/* End PBXResourcesBuildPhase section */

/* Begin PBXSourcesBuildPhase section */
		345D560E1F24297B00022611 /* Sources */ = {
			isa = PBXSourcesBuildPhase;
			buildActionMask = 2147483647;
			files = (
				340F57881F2BF6E100E01A81 /* RoundButton.swift in Sources */,
				345D562C1F243DCE00022611 /* CalculatorModel.swift in Sources */,
				345D56181F24297C00022611 /* ViewController.swift in Sources */,
				340F578A1F2BFAAC00E01A81 /* RoundLabel.swift in Sources */,
				345D56161F24297C00022611 /* AppDelegate.swift in Sources */,
			);
			runOnlyForDeploymentPostprocessing = 0;
		};
/* End PBXSourcesBuildPhase section */

/* Begin PBXVariantGroup section */
		345D56191F24297C00022611 /* Main.storyboard */ = {
			isa = PBXVariantGroup;
			children = (
				345D561A1F24297C00022611 /* Base */,
			);
			name = Main.storyboard;
			sourceTree = "<group>";
		};
		345D561E1F24297C00022611 /* LaunchScreen.storyboard */ = {
			isa = PBXVariantGroup;
			children = (
				345D561F1F24297C00022611 /* Base */,
			);
			name = LaunchScreen.storyboard;
			path = ..;
			sourceTree = "<group>";
		};
/* End PBXVariantGroup section */

/* Begin XCBuildConfiguration section */
		345D56221F24297C00022611 /* Debug */ = {
			isa = XCBuildConfiguration;
			buildSettings = {
				ALWAYS_SEARCH_USER_PATHS = NO;
				CLANG_ANALYZER_NONNULL = YES;
				CLANG_ANALYZER_NUMBER_OBJECT_CONVERSION = YES_AGGRESSIVE;
				CLANG_CXX_LANGUAGE_STANDARD = "gnu++14";
				CLANG_CXX_LIBRARY = "libc++";
				CLANG_ENABLE_MODULES = YES;
				CLANG_ENABLE_OBJC_ARC = YES;
				CLANG_WARN_BLOCK_CAPTURE_AUTORELEASING = YES;
				CLANG_WARN_BOOL_CONVERSION = YES;
				CLANG_WARN_COMMA = YES;
				CLANG_WARN_CONSTANT_CONVERSION = YES;
				CLANG_WARN_DIRECT_OBJC_ISA_USAGE = YES_ERROR;
				CLANG_WARN_DOCUMENTATION_COMMENTS = YES;
				CLANG_WARN_EMPTY_BODY = YES;
				CLANG_WARN_ENUM_CONVERSION = YES;
				CLANG_WARN_INFINITE_RECURSION = YES;
				CLANG_WARN_INT_CONVERSION = YES;
				CLANG_WARN_NON_LITERAL_NULL_CONVERSION = YES;
				CLANG_WARN_OBJC_LITERAL_CONVERSION = YES;
				CLANG_WARN_OBJC_ROOT_CLASS = YES_ERROR;
				CLANG_WARN_RANGE_LOOP_ANALYSIS = YES;
				CLANG_WARN_STRICT_PROTOTYPES = YES;
				CLANG_WARN_SUSPICIOUS_MOVE = YES;
				CLANG_WARN_UNGUARDED_AVAILABILITY = YES_AGGRESSIVE;
				CLANG_WARN_UNREACHABLE_CODE = YES;
				CLANG_WARN__DUPLICATE_METHOD_MATCH = YES;
				CODE_SIGN_IDENTITY = "iPhone Developer";
				COPY_PHASE_STRIP = NO;
				DEBUG_INFORMATION_FORMAT = dwarf;
				ENABLE_STRICT_OBJC_MSGSEND = YES;
				ENABLE_TESTABILITY = YES;
				GCC_C_LANGUAGE_STANDARD = gnu11;
				GCC_DYNAMIC_NO_PIC = NO;
				GCC_NO_COMMON_BLOCKS = YES;
				GCC_OPTIMIZATION_LEVEL = 0;
				GCC_PREPROCESSOR_DEFINITIONS = (
					"DEBUG=1",
					"$(inherited)",
				);
				GCC_WARN_64_TO_32_BIT_CONVERSION = YES;
				GCC_WARN_ABOUT_RETURN_TYPE = YES_ERROR;
				GCC_WARN_UNDECLARED_SELECTOR = YES;
				GCC_WARN_UNINITIALIZED_AUTOS = YES_AGGRESSIVE;
				GCC_WARN_UNUSED_FUNCTION = YES;
				GCC_WARN_UNUSED_VARIABLE = YES;
				IPHONEOS_DEPLOYMENT_TARGET = 11.0;
				MTL_ENABLE_DEBUG_INFO = YES;
				ONLY_ACTIVE_ARCH = YES;
				SDKROOT = iphoneos;
				SWIFT_ACTIVE_COMPILATION_CONDITIONS = DEBUG;
				SWIFT_OPTIMIZATION_LEVEL = "-Onone";
			};
			name = Debug;
		};
		345D56231F24297C00022611 /* Release */ = {
			isa = XCBuildConfiguration;
			buildSettings = {
				ALWAYS_SEARCH_USER_PATHS = NO;
				CLANG_ANALYZER_NONNULL = YES;
				CLANG_ANALYZER_NUMBER_OBJECT_CONVERSION = YES_AGGRESSIVE;
				CLANG_CXX_LANGUAGE_STANDARD = "gnu++14";
				CLANG_CXX_LIBRARY = "libc++";
				CLANG_ENABLE_MODULES = YES;
				CLANG_ENABLE_OBJC_ARC = YES;
				CLANG_WARN_BLOCK_CAPTURE_AUTORELEASING = YES;
				CLANG_WARN_BOOL_CONVERSION = YES;
				CLANG_WARN_COMMA = YES;
				CLANG_WARN_CONSTANT_CONVERSION = YES;
				CLANG_WARN_DIRECT_OBJC_ISA_USAGE = YES_ERROR;
				CLANG_WARN_DOCUMENTATION_COMMENTS = YES;
				CLANG_WARN_EMPTY_BODY = YES;
				CLANG_WARN_ENUM_CONVERSION = YES;
				CLANG_WARN_INFINITE_RECURSION = YES;
				CLANG_WARN_INT_CONVERSION = YES;
				CLANG_WARN_NON_LITERAL_NULL_CONVERSION = YES;
				CLANG_WARN_OBJC_LITERAL_CONVERSION = YES;
				CLANG_WARN_OBJC_ROOT_CLASS = YES_ERROR;
				CLANG_WARN_RANGE_LOOP_ANALYSIS = YES;
				CLANG_WARN_STRICT_PROTOTYPES = YES;
				CLANG_WARN_SUSPICIOUS_MOVE = YES;
				CLANG_WARN_UNGUARDED_AVAILABILITY = YES_AGGRESSIVE;
				CLANG_WARN_UNREACHABLE_CODE = YES;
				CLANG_WARN__DUPLICATE_METHOD_MATCH = YES;
				CODE_SIGN_IDENTITY = "iPhone Developer";
				COPY_PHASE_STRIP = NO;
				DEBUG_INFORMATION_FORMAT = "dwarf-with-dsym";
				ENABLE_NS_ASSERTIONS = NO;
				ENABLE_STRICT_OBJC_MSGSEND = YES;
				GCC_C_LANGUAGE_STANDARD = gnu11;
				GCC_NO_COMMON_BLOCKS = YES;
				GCC_WARN_64_TO_32_BIT_CONVERSION = YES;
				GCC_WARN_ABOUT_RETURN_TYPE = YES_ERROR;
				GCC_WARN_UNDECLARED_SELECTOR = YES;
				GCC_WARN_UNINITIALIZED_AUTOS = YES_AGGRESSIVE;
				GCC_WARN_UNUSED_FUNCTION = YES;
				GCC_WARN_UNUSED_VARIABLE = YES;
				IPHONEOS_DEPLOYMENT_TARGET = 11.0;
				MTL_ENABLE_DEBUG_INFO = NO;
				SDKROOT = iphoneos;
				SWIFT_OPTIMIZATION_LEVEL = "-Owholemodule";
				VALIDATE_PRODUCT = YES;
			};
			name = Release;
		};
		345D56251F24297C00022611 /* Debug */ = {
			isa = XCBuildConfiguration;
			buildSettings = {
				ASSETCATALOG_COMPILER_APPICON_NAME = AppIcon;
				"CODE_SIGN_IDENTITY[sdk=iphoneos*]" = "iPhone Distribution";
				CODE_SIGN_STYLE = Manual;
				DEVELOPMENT_TEAM = KGSLJVB587;
				INFOPLIST_FILE = swiftCalculator/Info.plist;
				LD_RUNPATH_SEARCH_PATHS = "$(inherited) @executable_path/Frameworks";
				PRODUCT_BUNDLE_IDENTIFIER = com.codedbydesign.calculator;
				PRODUCT_NAME = "$(TARGET_NAME)";
				PROVISIONING_PROFILE = "16539711-26a6-4be2-a55a-feb302fe0424";
				PROVISIONING_PROFILE_SPECIFIER = onePlusEquals;
				SWIFT_VERSION = 4.0;
				TARGETED_DEVICE_FAMILY = 1;
			};
			name = Debug;
		};
		345D56261F24297C00022611 /* Release */ = {
			isa = XCBuildConfiguration;
			buildSettings = {
				ASSETCATALOG_COMPILER_APPICON_NAME = AppIcon;
				"CODE_SIGN_IDENTITY[sdk=iphoneos*]" = "iPhone Distribution";
				CODE_SIGN_STYLE = Manual;
				DEVELOPMENT_TEAM = KGSLJVB587;
				INFOPLIST_FILE = swiftCalculator/Info.plist;
				LD_RUNPATH_SEARCH_PATHS = "$(inherited) @executable_path/Frameworks";
				PRODUCT_BUNDLE_IDENTIFIER = com.codedbydesign.calculator;
				PRODUCT_NAME = "$(TARGET_NAME)";
				PROVISIONING_PROFILE = "16539711-26a6-4be2-a55a-feb302fe0424";
				PROVISIONING_PROFILE_SPECIFIER = onePlusEquals;
				SWIFT_VERSION = 4.0;
				TARGETED_DEVICE_FAMILY = 1;
			};
			name = Release;
		};
/* End XCBuildConfiguration section */

/* Begin XCConfigurationList section */
		345D560D1F24297B00022611 /* Build configuration list for PBXProject "onePlusEquals" */ = {
			isa = XCConfigurationList;
			buildConfigurations = (
				345D56221F24297C00022611 /* Debug */,
				345D56231F24297C00022611 /* Release */,
			);
			defaultConfigurationIsVisible = 0;
			defaultConfigurationName = Release;
		};
		345D56241F24297C00022611 /* Build configuration list for PBXNativeTarget "onePlusEquals" */ = {
			isa = XCConfigurationList;
			buildConfigurations = (
				345D56251F24297C00022611 /* Debug */,
				345D56261F24297C00022611 /* Release */,
			);
			defaultConfigurationIsVisible = 0;
			defaultConfigurationName = Release;
		};
/* End XCConfigurationList section */
	};
	rootObject = 345D560A1F24297B00022611 /* Project object */;
}
